
Microsoft Visual Studio Solution File, Format Version 12.00
# Visual Studio Version 17
VisualStudioVersion = 17.2.32519.379
MinimumVisualStudioVersion = 10.0.40219.1
Project("{FAE04EC0-301F-11D3-BF4B-00C04F79EFBC}") = "ConsoleApp8", "ConsoleApp8\ConsoleApp8.csproj", "{58664AE7-534E-4712-B400-16E456483DF7}"
EndProject
Global
	GlobalSection(SolutionConfigurationPlatforms) = preSolution
		Debug|Any CPU = Debug|Any CPU
		Release|Any CPU = Release|Any CPU
	EndGlobalSection
	GlobalSection(ProjectConfigurationPlatforms) = postSolution
		{58664AE7-534E-4712-B400-16E456483DF7}.Debug|Any CPU.ActiveCfg = Debug|Any CPU
		{58664AE7-534E-4712-B400-16E456483DF7}.Debug|Any CPU.Build.0 = Debug|Any CPU
		{58664AE7-534E-4712-B400-16E456483DF7}.Release|Any CPU.ActiveCfg = Release|Any CPU
		{58664AE7-534E-4712-B400-16E456483DF7}.Release|Any CPU.Build.0 = Release|Any CPU
	EndGlobalSection
	GlobalSection(SolutionProperties) = preSolution
		HideSolutionNode = FALSE
	EndGlobalSection
	GlobalSection(ExtensibilityGlobals) = postSolution
		SolutionGuid = {30E1BD63-6F88-4007-B659-146D8BC41D35}
	EndGlobalSection
EndGlobal
