
Microsoft Visual Studio Solution File, Format Version 12.00
# Visual Studio Version 17
VisualStudioVersion = 17.2.32519.379
MinimumVisualStudioVersion = 10.0.40219.1
Project("{8BC9CEB8-8B4A-11D0-8D11-00A0C91BC942}") = "Project2", "Project2\Project2.vcxproj", "{BB02D999-0946-4F3E-8E51-700CC986887E}"
EndProject
Global
	GlobalSection(SolutionConfigurationPlatforms) = preSolution
		Debug|x64 = Debug|x64
		Debug|x86 = Debug|x86
		Release|x64 = Release|x64
		Release|x86 = Release|x86
	EndGlobalSection
	GlobalSection(ProjectConfigurationPlatforms) = postSolution
		{BB02D999-0946-4F3E-8E51-700CC986887E}.Debug|x64.ActiveCfg = Debug|x64
		{BB02D999-0946-4F3E-8E51-700CC986887E}.Debug|x64.Build.0 = Debug|x64
		{BB02D999-0946-4F3E-8E51-700CC986887E}.Debug|x86.ActiveCfg = Debug|Win32
		{BB02D999-0946-4F3E-8E51-700CC986887E}.Debug|x86.Build.0 = Debug|Win32
		{BB02D999-0946-4F3E-8E51-700CC986887E}.Release|x64.ActiveCfg = Release|x64
		{BB02D999-0946-4F3E-8E51-700CC986887E}.Release|x64.Build.0 = Release|x64
		{BB02D999-0946-4F3E-8E51-700CC986887E}.Release|x86.ActiveCfg = Release|Win32
		{BB02D999-0946-4F3E-8E51-700CC986887E}.Release|x86.Build.0 = Release|Win32
	EndGlobalSection
	GlobalSection(SolutionProperties) = preSolution
		HideSolutionNode = FALSE
	EndGlobalSection
	GlobalSection(ExtensibilityGlobals) = postSolution
		SolutionGuid = {2B9B9F74-2DB8-4AC7-AEFE-65A3EAEAF9C1}
	EndGlobalSection
EndGlobal
