
Microsoft Visual Studio Solution File, Format Version 12.00
# Visual Studio Version 17
VisualStudioVersion = 17.2.32519.379
MinimumVisualStudioVersion = 10.0.40219.1
Project("{FAE04EC0-301F-11D3-BF4B-00C04F79EFBC}") = "study_test", "study_test\study_test.csproj", "{096C724A-CAFD-4320-A672-617001E75D3D}"
EndProject
Global
	GlobalSection(SolutionConfigurationPlatforms) = preSolution
		Debug|Any CPU = Debug|Any CPU
		Release|Any CPU = Release|Any CPU
	EndGlobalSection
	GlobalSection(ProjectConfigurationPlatforms) = postSolution
		{096C724A-CAFD-4320-A672-617001E75D3D}.Debug|Any CPU.ActiveCfg = Debug|Any CPU
		{096C724A-CAFD-4320-A672-617001E75D3D}.Debug|Any CPU.Build.0 = Debug|Any CPU
		{096C724A-CAFD-4320-A672-617001E75D3D}.Release|Any CPU.ActiveCfg = Release|Any CPU
		{096C724A-CAFD-4320-A672-617001E75D3D}.Release|Any CPU.Build.0 = Release|Any CPU
	EndGlobalSection
	GlobalSection(SolutionProperties) = preSolution
		HideSolutionNode = FALSE
	EndGlobalSection
	GlobalSection(ExtensibilityGlobals) = postSolution
		SolutionGuid = {87B1444F-12AA-43E0-AD4A-7CE7624937F4}
	EndGlobalSection
EndGlobal
