
Microsoft Visual Studio Solution File, Format Version 12.00
# Visual Studio Version 17
VisualStudioVersion = 17.2.32519.379
MinimumVisualStudioVersion = 10.0.40219.1
Project("{FAE04EC0-301F-11D3-BF4B-00C04F79EFBC}") = "ConsoleApp7", "ConsoleApp7\ConsoleApp7.csproj", "{19BBD6EA-98AF-4FDF-98DD-07DF4E19BFCF}"
EndProject
Global
	GlobalSection(SolutionConfigurationPlatforms) = preSolution
		Debug|Any CPU = Debug|Any CPU
		Release|Any CPU = Release|Any CPU
	EndGlobalSection
	GlobalSection(ProjectConfigurationPlatforms) = postSolution
		{19BBD6EA-98AF-4FDF-98DD-07DF4E19BFCF}.Debug|Any CPU.ActiveCfg = Debug|Any CPU
		{19BBD6EA-98AF-4FDF-98DD-07DF4E19BFCF}.Debug|Any CPU.Build.0 = Debug|Any CPU
		{19BBD6EA-98AF-4FDF-98DD-07DF4E19BFCF}.Release|Any CPU.ActiveCfg = Release|Any CPU
		{19BBD6EA-98AF-4FDF-98DD-07DF4E19BFCF}.Release|Any CPU.Build.0 = Release|Any CPU
	EndGlobalSection
	GlobalSection(SolutionProperties) = preSolution
		HideSolutionNode = FALSE
	EndGlobalSection
	GlobalSection(ExtensibilityGlobals) = postSolution
		SolutionGuid = {98ACED24-6A93-44B8-B2E3-7F8F8ADE2889}
	EndGlobalSection
EndGlobal
