
Microsoft Visual Studio Solution File, Format Version 12.00
# Visual Studio Version 17
VisualStudioVersion = 17.2.32519.379
MinimumVisualStudioVersion = 10.0.40219.1
Project("{FAE04EC0-301F-11D3-BF4B-00C04F79EFBC}") = "Shape", "Shape\Shape.csproj", "{8623AC60-D6D0-41D1-BACB-2335122DC3AF}"
EndProject
Global
	GlobalSection(SolutionConfigurationPlatforms) = preSolution
		Debug|Any CPU = Debug|Any CPU
		Release|Any CPU = Release|Any CPU
	EndGlobalSection
	GlobalSection(ProjectConfigurationPlatforms) = postSolution
		{8623AC60-D6D0-41D1-BACB-2335122DC3AF}.Debug|Any CPU.ActiveCfg = Debug|Any CPU
		{8623AC60-D6D0-41D1-BACB-2335122DC3AF}.Debug|Any CPU.Build.0 = Debug|Any CPU
		{8623AC60-D6D0-41D1-BACB-2335122DC3AF}.Release|Any CPU.ActiveCfg = Release|Any CPU
		{8623AC60-D6D0-41D1-BACB-2335122DC3AF}.Release|Any CPU.Build.0 = Release|Any CPU
	EndGlobalSection
	GlobalSection(SolutionProperties) = preSolution
		HideSolutionNode = FALSE
	EndGlobalSection
	GlobalSection(ExtensibilityGlobals) = postSolution
		SolutionGuid = {E71B7135-F677-4C19-B467-BDA28E18864D}
	EndGlobalSection
EndGlobal
