
Microsoft Visual Studio Solution File, Format Version 12.00
# Visual Studio Version 17
VisualStudioVersion = 17.2.32519.379
MinimumVisualStudioVersion = 10.0.40219.1
Project("{FAE04EC0-301F-11D3-BF4B-00C04F79EFBC}") = "ConsoleApp1", "ConsoleApp1\ConsoleApp1.csproj", "{9562B0C3-6DD6-4BA0-A850-03A00E8C13BC}"
EndProject
Global
	GlobalSection(SolutionConfigurationPlatforms) = preSolution
		Debug|Any CPU = Debug|Any CPU
		Release|Any CPU = Release|Any CPU
	EndGlobalSection
	GlobalSection(ProjectConfigurationPlatforms) = postSolution
		{9562B0C3-6DD6-4BA0-A850-03A00E8C13BC}.Debug|Any CPU.ActiveCfg = Debug|Any CPU
		{9562B0C3-6DD6-4BA0-A850-03A00E8C13BC}.Debug|Any CPU.Build.0 = Debug|Any CPU
		{9562B0C3-6DD6-4BA0-A850-03A00E8C13BC}.Release|Any CPU.ActiveCfg = Release|Any CPU
		{9562B0C3-6DD6-4BA0-A850-03A00E8C13BC}.Release|Any CPU.Build.0 = Release|Any CPU
	EndGlobalSection
	GlobalSection(SolutionProperties) = preSolution
		HideSolutionNode = FALSE
	EndGlobalSection
	GlobalSection(ExtensibilityGlobals) = postSolution
		SolutionGuid = {8DBF33BB-5A1A-4B57-AED0-2809D79B9F96}
	EndGlobalSection
EndGlobal
