
Microsoft Visual Studio Solution File, Format Version 12.00
# Visual Studio Version 17
VisualStudioVersion = 17.2.32519.379
MinimumVisualStudioVersion = 10.0.40219.1
Project("{FAE04EC0-301F-11D3-BF4B-00C04F79EFBC}") = "test", "test\test.csproj", "{DC877D82-14F0-491F-A467-79E5639E9C69}"
EndProject
Global
	GlobalSection(SolutionConfigurationPlatforms) = preSolution
		Debug|Any CPU = Debug|Any CPU
		Release|Any CPU = Release|Any CPU
	EndGlobalSection
	GlobalSection(ProjectConfigurationPlatforms) = postSolution
		{DC877D82-14F0-491F-A467-79E5639E9C69}.Debug|Any CPU.ActiveCfg = Debug|Any CPU
		{DC877D82-14F0-491F-A467-79E5639E9C69}.Debug|Any CPU.Build.0 = Debug|Any CPU
		{DC877D82-14F0-491F-A467-79E5639E9C69}.Release|Any CPU.ActiveCfg = Release|Any CPU
		{DC877D82-14F0-491F-A467-79E5639E9C69}.Release|Any CPU.Build.0 = Release|Any CPU
	EndGlobalSection
	GlobalSection(SolutionProperties) = preSolution
		HideSolutionNode = FALSE
	EndGlobalSection
	GlobalSection(ExtensibilityGlobals) = postSolution
		SolutionGuid = {439CAB2D-1105-436A-95ED-8416AFA660DD}
	EndGlobalSection
EndGlobal
